
Microsoft Visual Studio Solution File, Format Version 12.00
# Visual Studio Express 2012 for Windows Desktop
Project("{FAE04EC0-301F-11D3-BF4B-00C04F79EFBC}") = "ProcessorCount", "ProcessorCount\ProcessorCount.csproj", "{CF95DB1E-074D-44E7-967A-3D0944FF1057}"
EndProject
Global
	GlobalSection(SolutionConfigurationPlatforms) = preSolution
		Debug|Any CPU = Debug|Any CPU
		Release|Any CPU = Release|Any CPU
	EndGlobalSection
	GlobalSection(ProjectConfigurationPlatforms) = postSolution
		{CF95DB1E-074D-44E7-967A-3D0944FF1057}.Debug|Any CPU.ActiveCfg = Debug|Any CPU
		{CF95DB1E-074D-44E7-967A-3D0944FF1057}.Debug|Any CPU.Build.0 = Debug|Any CPU
		{CF95DB1E-074D-44E7-967A-3D0944FF1057}.Release|Any CPU.ActiveCfg = Release|Any CPU
		{CF95DB1E-074D-44E7-967A-3D0944FF1057}.Release|Any CPU.Build.0 = Release|Any CPU
	EndGlobalSection
	GlobalSection(SolutionProperties) = preSolution
		HideSolutionNode = FALSE
	EndGlobalSection
EndGlobal
